
Microsoft Visual Studio Solution File, Format Version 12.00
# Visual Studio 15
VisualStudioVersion = 15.0.28307.1209
MinimumVisualStudioVersion = 10.0.40219.1
Project("{8BC9CEB8-8B4A-11D0-8D11-00A0C91BC942}") = "EngineVersionGrabber", "EngineVersionGrabber.vcxproj", "{8AC9D65C-F54C-42FE-8234-ADBA6241678D}"
EndProject
Global
	GlobalSection(SolutionConfigurationPlatforms) = preSolution
		Debug|x64 = Debug|x64
		Debug|x86 = Debug|x86
		Release|x64 = Release|x64
		Release|x86 = Release|x86
	EndGlobalSection
	GlobalSection(ProjectConfigurationPlatforms) = postSolution
		{8AC9D65C-F54C-42FE-8234-ADBA6241678D}.Debug|x64.ActiveCfg = Debug|x64
		{8AC9D65C-F54C-42FE-8234-ADBA6241678D}.Debug|x64.Build.0 = Debug|x64
		{8AC9D65C-F54C-42FE-8234-ADBA6241678D}.Debug|x86.ActiveCfg = Debug|Win32
		{8AC9D65C-F54C-42FE-8234-ADBA6241678D}.Debug|x86.Build.0 = Debug|Win32
		{8AC9D65C-F54C-42FE-8234-ADBA6241678D}.Release|x64.ActiveCfg = Release|x64
		{8AC9D65C-F54C-42FE-8234-ADBA6241678D}.Release|x64.Build.0 = Release|x64
		{8AC9D65C-F54C-42FE-8234-ADBA6241678D}.Release|x86.ActiveCfg = Release|Win32
		{8AC9D65C-F54C-42FE-8234-ADBA6241678D}.Release|x86.Build.0 = Release|Win32
	EndGlobalSection
	GlobalSection(SolutionProperties) = preSolution
		HideSolutionNode = FALSE
	EndGlobalSection
	GlobalSection(ExtensibilityGlobals) = postSolution
		SolutionGuid = {CD1070DF-F691-4EB1-A9B7-6F0C3773DDB0}
	EndGlobalSection
EndGlobal
